
Microsoft Visual Studio Solution File, Format Version 12.00
# Visual Studio Version 16
VisualStudioVersion = 16.0.31321.278
MinimumVisualStudioVersion = 10.0.40219.1
Project("{FAE04EC0-301F-11D3-BF4B-00C04F79EFBC}") = "Exercise1", "Exercise1\Exercise1.csproj", "{BE4C5B64-35D0-450B-872B-7FB219991962}"
EndProject
Project("{FAE04EC0-301F-11D3-BF4B-00C04F79EFBC}") = "Exercise2", "Exercise2\Exercise2.csproj", "{2DE44B45-A782-4AD4-A04B-68171EF06FFE}"
EndProject
Project("{FAE04EC0-301F-11D3-BF4B-00C04F79EFBC}") = "Exercise3", "Exercise3\Exercise3.csproj", "{306D3CAC-7B3C-425E-8143-6F58418D8713}"
EndProject
Project("{FAE04EC0-301F-11D3-BF4B-00C04F79EFBC}") = "Exercise4", "Exercise4\Exercise4.csproj", "{A0482194-C7E5-4BBA-AB52-B5B8D48D867C}"
EndProject
Project("{FAE04EC0-301F-11D3-BF4B-00C04F79EFBC}") = "Exercise5", "Exercise5\Exercise5.csproj", "{6DB12785-32FD-49A5-81A4-6D702986065D}"
EndProject
Global
	GlobalSection(SolutionConfigurationPlatforms) = preSolution
		Debug|Any CPU = Debug|Any CPU
		Release|Any CPU = Release|Any CPU
	EndGlobalSection
	GlobalSection(ProjectConfigurationPlatforms) = postSolution
		{BE4C5B64-35D0-450B-872B-7FB219991962}.Debug|Any CPU.ActiveCfg = Debug|Any CPU
		{BE4C5B64-35D0-450B-872B-7FB219991962}.Debug|Any CPU.Build.0 = Debug|Any CPU
		{BE4C5B64-35D0-450B-872B-7FB219991962}.Release|Any CPU.ActiveCfg = Release|Any CPU
		{BE4C5B64-35D0-450B-872B-7FB219991962}.Release|Any CPU.Build.0 = Release|Any CPU
		{2DE44B45-A782-4AD4-A04B-68171EF06FFE}.Debug|Any CPU.ActiveCfg = Debug|Any CPU
		{2DE44B45-A782-4AD4-A04B-68171EF06FFE}.Debug|Any CPU.Build.0 = Debug|Any CPU
		{2DE44B45-A782-4AD4-A04B-68171EF06FFE}.Release|Any CPU.ActiveCfg = Release|Any CPU
		{2DE44B45-A782-4AD4-A04B-68171EF06FFE}.Release|Any CPU.Build.0 = Release|Any CPU
		{306D3CAC-7B3C-425E-8143-6F58418D8713}.Debug|Any CPU.ActiveCfg = Debug|Any CPU
		{306D3CAC-7B3C-425E-8143-6F58418D8713}.Debug|Any CPU.Build.0 = Debug|Any CPU
		{306D3CAC-7B3C-425E-8143-6F58418D8713}.Release|Any CPU.ActiveCfg = Release|Any CPU
		{306D3CAC-7B3C-425E-8143-6F58418D8713}.Release|Any CPU.Build.0 = Release|Any CPU
		{A0482194-C7E5-4BBA-AB52-B5B8D48D867C}.Debug|Any CPU.ActiveCfg = Debug|Any CPU
		{A0482194-C7E5-4BBA-AB52-B5B8D48D867C}.Debug|Any CPU.Build.0 = Debug|Any CPU
		{A0482194-C7E5-4BBA-AB52-B5B8D48D867C}.Release|Any CPU.ActiveCfg = Release|Any CPU
		{A0482194-C7E5-4BBA-AB52-B5B8D48D867C}.Release|Any CPU.Build.0 = Release|Any CPU
		{6DB12785-32FD-49A5-81A4-6D702986065D}.Debug|Any CPU.ActiveCfg = Debug|Any CPU
		{6DB12785-32FD-49A5-81A4-6D702986065D}.Debug|Any CPU.Build.0 = Debug|Any CPU
		{6DB12785-32FD-49A5-81A4-6D702986065D}.Release|Any CPU.ActiveCfg = Release|Any CPU
		{6DB12785-32FD-49A5-81A4-6D702986065D}.Release|Any CPU.Build.0 = Release|Any CPU
	EndGlobalSection
	GlobalSection(SolutionProperties) = preSolution
		HideSolutionNode = FALSE
	EndGlobalSection
	GlobalSection(ExtensibilityGlobals) = postSolution
		SolutionGuid = {B536E5B4-90E8-4B75-9244-9E3F6820157B}
	EndGlobalSection
EndGlobal
